
Microsoft Visual Studio Solution File, Format Version 12.00
# Visual Studio Version 17
VisualStudioVersion = 17.2.32602.215
MinimumVisualStudioVersion = 10.0.40219.1
Project("{FAE04EC0-301F-11D3-BF4B-00C04F79EFBC}") = "SignalRDemo", "SignalRDemo.csproj", "{FF8EBA71-FD53-43C7-96C1-3D06A11511A1}"
EndProject
Global
	GlobalSection(SolutionConfigurationPlatforms) = preSolution
		Debug|Any CPU = Debug|Any CPU
		Release|Any CPU = Release|Any CPU
	EndGlobalSection
	GlobalSection(ProjectConfigurationPlatforms) = postSolution
		{FF8EBA71-FD53-43C7-96C1-3D06A11511A1}.Debug|Any CPU.ActiveCfg = Debug|Any CPU
		{FF8EBA71-FD53-43C7-96C1-3D06A11511A1}.Debug|Any CPU.Build.0 = Debug|Any CPU
		{FF8EBA71-FD53-43C7-96C1-3D06A11511A1}.Release|Any CPU.ActiveCfg = Release|Any CPU
		{FF8EBA71-FD53-43C7-96C1-3D06A11511A1}.Release|Any CPU.Build.0 = Release|Any CPU
	EndGlobalSection
	GlobalSection(SolutionProperties) = preSolution
		HideSolutionNode = FALSE
	EndGlobalSection
	GlobalSection(ExtensibilityGlobals) = postSolution
		SolutionGuid = {9EAC9DA5-6478-4A73-A3E8-43B52531EFB2}
	EndGlobalSection
EndGlobal
